<?xml version="1.0" encoding="utf-8"?>
<Project ToolsVersion="4.0" xmlns="http://schemas.microsoft.com/developer/msbuild/2003">
  <ItemGroup>
    <ClCompile Include="Main.cpp" />
    <ClCompile Include="Object.cpp">
      <Filter>Object</Filter>
    </ClCompile>
    <ClCompile Include="Collide.cpp">
      <Filter>Collide</Filter>
    </ClCompile>
    <ClCompile Include="Colony.cpp">
      <Filter>Object\Colony</Filter>
    </ClCompile>
    <ClCompile Include="Junk.cpp">
      <Filter>Object\Junk</Filter>
    </ClCompile>
    <ClCompile Include="Quad.cpp">
      <Filter>UI</Filter>
    </ClCompile>
    <ClCompile Include="ColonyHp.cpp">
      <Filter>UI</Filter>
    </ClCompile>
  </ItemGroup>
  <ItemGroup>
    <ClInclude Include="Main.h" />
    <ClInclude Include="Object.h">
      <Filter>Object</Filter>
    </ClInclude>
    <ClInclude Include="Collide.h">
      <Filter>Collide</Filter>
    </ClInclude>
    <ClInclude Include="Quad.h">
      <Filter>UI</Filter>
    </ClInclude>
    <ClInclude Include="ColonyHp.h">
      <Filter>UI</Filter>
    </ClInclude>
    <ClInclude Include="Colony.h">
      <Filter>Object\Colony</Filter>
    </ClInclude>
    <ClInclude Include="Junk.h">
      <Filter>Object\Junk</Filter>
    </ClInclude>
  </ItemGroup>
  <ItemGroup>
    <Filter Include="Object">
      <UniqueIdentifier>{542c8041-8686-447a-854f-3d6e328b7cd2}</UniqueIdentifier>
    </Filter>
    <Filter Include="Collide">
      <UniqueIdentifier>{7f043c63-ea35-4bec-b3a9-91d75d6eed84}</UniqueIdentifier>
    </Filter>
    <Filter Include="Object\Colony">
      <UniqueIdentifier>{debdbb8d-11b5-4e99-8f56-ccc3231afd06}</UniqueIdentifier>
    </Filter>
    <Filter Include="Object\Junk">
      <UniqueIdentifier>{f8a12d31-2a14-4e15-9c11-19df68166ea7}</UniqueIdentifier>
    </Filter>
    <Filter Include="UI">
      <UniqueIdentifier>{baab5071-73ca-4e81-98f4-fe383fe031b7}</UniqueIdentifier>
    </Filter>
  </ItemGroup>
</Project>