<?xml version="1.0" encoding="utf-8"?>
<Project ToolsVersion="4.0" xmlns="http://schemas.microsoft.com/developer/msbuild/2003">
  <ItemGroup>
    <Filter Include="Entry">
      <UniqueIdentifier>{fccd00c6-34ea-4548-98bf-d80129316756}</UniqueIdentifier>
    </Filter>
    <Filter Include="Director">
      <UniqueIdentifier>{c2855ac2-0321-4876-b7fe-8f2ee780bcc2}</UniqueIdentifier>
    </Filter>
    <Filter Include="Base">
      <UniqueIdentifier>{01566807-89a4-4f6f-a07d-44c3ec36dfff}</UniqueIdentifier>
    </Filter>
    <Filter Include="Window">
      <UniqueIdentifier>{080a8f5b-11bf-457e-8e84-a81b9680f0b9}</UniqueIdentifier>
    </Filter>
    <Filter Include="Direct3D9">
      <UniqueIdentifier>{fb16c361-8e36-40aa-b42c-9ad96910d0fe}</UniqueIdentifier>
    </Filter>
    <Filter Include="Sound">
      <UniqueIdentifier>{37b89136-d3b7-4a31-94cc-5d3da36148f3}</UniqueIdentifier>
    </Filter>
    <Filter Include="Camera">
      <UniqueIdentifier>{59baf1aa-b1b2-4624-97a1-f181b60278bb}</UniqueIdentifier>
    </Filter>
    <Filter Include="Scene">
      <UniqueIdentifier>{e149ef21-d3e1-4d8f-906a-de06f4566977}</UniqueIdentifier>
    </Filter>
    <Filter Include="Scene\Title">
      <UniqueIdentifier>{49618fab-fa26-4ca9-97c4-80705d8903ff}</UniqueIdentifier>
    </Filter>
    <Filter Include="Scene\AbstractScene">
      <UniqueIdentifier>{6a13ee1e-1b67-4ea9-8250-cc22522a1ea6}</UniqueIdentifier>
    </Filter>
    <Filter Include="Object">
      <UniqueIdentifier>{0e14a614-14ab-488d-a105-7be72db5e82c}</UniqueIdentifier>
    </Filter>
    <Filter Include="Scene\Game">
      <UniqueIdentifier>{d95aa518-3c8e-4925-b91f-da9b598e5ac9}</UniqueIdentifier>
    </Filter>
    <Filter Include="Light">
      <UniqueIdentifier>{f68d5108-32a1-4130-b188-27ff7e1ae59f}</UniqueIdentifier>
    </Filter>
    <Filter Include="Object\Colony">
      <UniqueIdentifier>{a66d4863-fb7d-4088-ac97-dc6bcdef9edc}</UniqueIdentifier>
    </Filter>
    <Filter Include="Object\Junk">
      <UniqueIdentifier>{ecb54991-8859-4626-b423-57d680de259d}</UniqueIdentifier>
    </Filter>
    <Filter Include="Object\Object">
      <UniqueIdentifier>{c8f06edf-07f6-4be3-9e13-08edb478f4c9}</UniqueIdentifier>
    </Filter>
    <Filter Include="Object\Player">
      <UniqueIdentifier>{2013cd7d-fe3d-4bb8-a5f9-cac60da09291}</UniqueIdentifier>
    </Filter>
    <Filter Include="Object\Planet">
      <UniqueIdentifier>{6df6050e-b936-47f5-8078-5afacd8991d9}</UniqueIdentifier>
    </Filter>
  </ItemGroup>
  <ItemGroup>
    <ClCompile Include="Director.cpp">
      <Filter>Director</Filter>
    </ClCompile>
    <ClCompile Include="Base.cpp">
      <Filter>Base</Filter>
    </ClCompile>
    <ClCompile Include="Entry.cpp">
      <Filter>Entry</Filter>
    </ClCompile>
    <ClCompile Include="Window.cpp">
      <Filter>Window</Filter>
    </ClCompile>
    <ClCompile Include="Direct3D9.cpp">
      <Filter>Direct3D9</Filter>
    </ClCompile>
    <ClCompile Include="Camera.cpp">
      <Filter>Camera</Filter>
    </ClCompile>
    <ClCompile Include="Sound.cpp">
      <Filter>Sound</Filter>
    </ClCompile>
    <ClCompile Include="Title.cpp">
      <Filter>Scene\Title</Filter>
    </ClCompile>
    <ClCompile Include="AbstractScene.cpp">
      <Filter>Scene\AbstractScene</Filter>
    </ClCompile>
    <ClCompile Include="Game.cpp">
      <Filter>Scene\Game</Filter>
    </ClCompile>
    <ClCompile Include="Light.cpp">
      <Filter>Light</Filter>
    </ClCompile>
    <ClCompile Include="Colony.cpp">
      <Filter>Object\Colony</Filter>
    </ClCompile>
    <ClCompile Include="Junk.cpp">
      <Filter>Object\Junk</Filter>
    </ClCompile>
    <ClCompile Include="Object.cpp">
      <Filter>Object\Object</Filter>
    </ClCompile>
    <ClCompile Include="Player.cpp">
      <Filter>Object\Player</Filter>
    </ClCompile>
    <ClCompile Include="Planet.cpp">
      <Filter>Object\Planet</Filter>
    </ClCompile>
  </ItemGroup>
  <ItemGroup>
    <ClInclude Include="Director.h">
      <Filter>Director</Filter>
    </ClInclude>
    <ClInclude Include="Base.h">
      <Filter>Base</Filter>
    </ClInclude>
    <ClInclude Include="Window.h">
      <Filter>Window</Filter>
    </ClInclude>
    <ClInclude Include="Direct3D9.h">
      <Filter>Direct3D9</Filter>
    </ClInclude>
    <ClInclude Include="Camera.h">
      <Filter>Camera</Filter>
    </ClInclude>
    <ClInclude Include="Sound.h">
      <Filter>Sound</Filter>
    </ClInclude>
    <ClInclude Include="Title.h">
      <Filter>Scene\Title</Filter>
    </ClInclude>
    <ClInclude Include="AbstractScene.h">
      <Filter>Scene\AbstractScene</Filter>
    </ClInclude>
    <ClInclude Include="Game.h">
      <Filter>Scene\Game</Filter>
    </ClInclude>
    <ClInclude Include="Light.h">
      <Filter>Light</Filter>
    </ClInclude>
    <ClInclude Include="Colony.h">
      <Filter>Object\Colony</Filter>
    </ClInclude>
    <ClInclude Include="Junk.h">
      <Filter>Object\Junk</Filter>
    </ClInclude>
    <ClInclude Include="Object.h">
      <Filter>Object\Object</Filter>
    </ClInclude>
    <ClInclude Include="Player.h">
      <Filter>Object\Player</Filter>
    </ClInclude>
    <ClInclude Include="Planet.h">
      <Filter>Object\Planet</Filter>
    </ClInclude>
  </ItemGroup>
</Project>