<?xml version="1.0" encoding="utf-8"?>
<Project ToolsVersion="4.0" xmlns="http://schemas.microsoft.com/developer/msbuild/2003">
  <ItemGroup>
    <Filter Include="Entry">
      <UniqueIdentifier>{fccd00c6-34ea-4548-98bf-d80129316756}</UniqueIdentifier>
    </Filter>
    <Filter Include="Director">
      <UniqueIdentifier>{c2855ac2-0321-4876-b7fe-8f2ee780bcc2}</UniqueIdentifier>
    </Filter>
    <Filter Include="Base">
      <UniqueIdentifier>{01566807-89a4-4f6f-a07d-44c3ec36dfff}</UniqueIdentifier>
    </Filter>
    <Filter Include="Window">
      <UniqueIdentifier>{080a8f5b-11bf-457e-8e84-a81b9680f0b9}</UniqueIdentifier>
    </Filter>
    <Filter Include="Direct3D9">
      <UniqueIdentifier>{fb16c361-8e36-40aa-b42c-9ad96910d0fe}</UniqueIdentifier>
    </Filter>
    <Filter Include="Camera">
      <UniqueIdentifier>{59baf1aa-b1b2-4624-97a1-f181b60278bb}</UniqueIdentifier>
    </Filter>
    <Filter Include="Scene">
      <UniqueIdentifier>{e149ef21-d3e1-4d8f-906a-de06f4566977}</UniqueIdentifier>
    </Filter>
    <Filter Include="Scene\Title">
      <UniqueIdentifier>{49618fab-fa26-4ca9-97c4-80705d8903ff}</UniqueIdentifier>
    </Filter>
    <Filter Include="Scene\AbstractScene">
      <UniqueIdentifier>{6a13ee1e-1b67-4ea9-8250-cc22522a1ea6}</UniqueIdentifier>
    </Filter>
    <Filter Include="Object">
      <UniqueIdentifier>{0e14a614-14ab-488d-a105-7be72db5e82c}</UniqueIdentifier>
    </Filter>
    <Filter Include="Input">
      <UniqueIdentifier>{be3a3183-9cea-4d22-826b-d5a69c2e4a62}</UniqueIdentifier>
    </Filter>
    <Filter Include="01 Data File">
      <UniqueIdentifier>{d3865fcb-9f92-406e-8463-f38c697eb173}</UniqueIdentifier>
    </Filter>
    <Filter Include="02 Visual File">
      <UniqueIdentifier>{4f78a12d-7159-43b1-84f3-2a9bce9229f3}</UniqueIdentifier>
    </Filter>
    <Filter Include="03 Shader File">
      <UniqueIdentifier>{7522a4c5-38e7-46b8-8de5-68213954921c}</UniqueIdentifier>
    </Filter>
    <Filter Include="04 Sound File">
      <UniqueIdentifier>{aa274e1b-8a2d-4082-b905-c18138b84eb6}</UniqueIdentifier>
    </Filter>
    <Filter Include="Object\Player">
      <UniqueIdentifier>{8880fccc-ba75-4d51-aee0-bd223fadc694}</UniqueIdentifier>
    </Filter>
    <Filter Include="Ray">
      <UniqueIdentifier>{133be285-9b18-4005-b8e7-85eb24818210}</UniqueIdentifier>
    </Filter>
    <Filter Include="Text">
      <UniqueIdentifier>{e9126a67-699d-4eca-a754-c0db86e684df}</UniqueIdentifier>
    </Filter>
    <Filter Include="Object\Magnet">
      <UniqueIdentifier>{53af07e7-3f6c-4177-bffd-31a7384c7560}</UniqueIdentifier>
    </Filter>
    <Filter Include="BoudingSphere">
      <UniqueIdentifier>{c6b5aa5a-bff9-4abe-b39e-61aa3752e32d}</UniqueIdentifier>
    </Filter>
    <Filter Include="Object\Bullet">
      <UniqueIdentifier>{3dfdaea0-621c-4e51-96f2-c7a44fffac99}</UniqueIdentifier>
    </Filter>
    <Filter Include="Sprite">
      <UniqueIdentifier>{70463875-2daf-44d5-93ba-792197bcfcb0}</UniqueIdentifier>
    </Filter>
    <Filter Include="UI">
      <UniqueIdentifier>{bb8b83bf-5a45-49ed-b64c-06e357407b18}</UniqueIdentifier>
    </Filter>
    <Filter Include="Scene\Splash">
      <UniqueIdentifier>{c158ea93-11b0-43d9-a8d0-00037b9c28ef}</UniqueIdentifier>
    </Filter>
    <Filter Include="Scene\Result">
      <UniqueIdentifier>{77746008-6b77-4523-9c21-d099946cc532}</UniqueIdentifier>
    </Filter>
    <Filter Include="Light">
      <UniqueIdentifier>{9a615eb5-f59e-43b5-ad3c-9a58b319a70f}</UniqueIdentifier>
    </Filter>
    <Filter Include="Object\Colony">
      <UniqueIdentifier>{ba0b0858-8d3b-49b8-8221-cc672ae84516}</UniqueIdentifier>
    </Filter>
    <Filter Include="Object\Junk">
      <UniqueIdentifier>{1ccf7e5f-d1a6-4161-990c-49ef8dc3e062}</UniqueIdentifier>
    </Filter>
    <Filter Include="Object\ベース">
      <UniqueIdentifier>{1c726889-d3b4-4cad-ac1a-dc8e30d085fe}</UniqueIdentifier>
    </Filter>
    <Filter Include="Object\Planet">
      <UniqueIdentifier>{27493bab-38b6-4b88-b308-f24bf5c68959}</UniqueIdentifier>
    </Filter>
    <Filter Include="Scene\Game">
      <UniqueIdentifier>{d95aa518-3c8e-4925-b91f-da9b598e5ac9}</UniqueIdentifier>
    </Filter>
    <Filter Include="Scene\Splash\Splash2D">
      <UniqueIdentifier>{f8726285-6ecd-414b-b93b-c13b0d2d3dc6}</UniqueIdentifier>
    </Filter>
    <Filter Include="Scene\Tutorial">
      <UniqueIdentifier>{e24a5634-eb37-4ee2-86b9-40c2975ddb48}</UniqueIdentifier>
    </Filter>
    <Filter Include="Scene\Operation">
      <UniqueIdentifier>{84cdff66-1433-45db-9e64-13d280b174b1}</UniqueIdentifier>
    </Filter>
    <Filter Include="Scene\Tutorial\Tutorial2D">
      <UniqueIdentifier>{d38573a4-d008-4841-8b45-79651d0a485c}</UniqueIdentifier>
    </Filter>
    <Filter Include="Scene\Operation\KeyOpe">
      <UniqueIdentifier>{16f93d88-7254-4bca-a3ed-0f4b4e1ffca9}</UniqueIdentifier>
    </Filter>
    <Filter Include="Scene\Operation\PadOpe">
      <UniqueIdentifier>{6bbbdd36-c724-4379-938f-c4399c00cc55}</UniqueIdentifier>
    </Filter>
    <Filter Include="GameMaster">
      <UniqueIdentifier>{d16cb65b-0b76-4d40-bf56-b9dcc8ce7a39}</UniqueIdentifier>
    </Filter>
    <Filter Include="Billboard">
      <UniqueIdentifier>{6800e31b-d99c-429b-b8dd-ada477141582}</UniqueIdentifier>
    </Filter>
    <Filter Include="PointSprite">
      <UniqueIdentifier>{edb7be5c-4d96-4e77-a32d-8717ce391e08}</UniqueIdentifier>
    </Filter>
    <Filter Include="Object\MemoryPile">
      <UniqueIdentifier>{a0d2f54e-80bf-46fb-94a7-2b3ccfe42487}</UniqueIdentifier>
    </Filter>
    <Filter Include="Object\MemoryLine">
      <UniqueIdentifier>{cd990212-341c-4002-b257-ddbfdb399324}</UniqueIdentifier>
    </Filter>
    <Filter Include="Object\Wage">
      <UniqueIdentifier>{d5c600e5-063e-40c7-9579-a27b7391cad2}</UniqueIdentifier>
    </Filter>
    <Filter Include="Loader">
      <UniqueIdentifier>{ac8a92f7-8683-4808-b69a-5d9820877cd7}</UniqueIdentifier>
    </Filter>
    <Filter Include="Loader\ShaderLoader">
      <UniqueIdentifier>{49cb0e54-1b30-43bc-944a-283d060b8b09}</UniqueIdentifier>
    </Filter>
    <Filter Include="Loader\SkinMeshLoader">
      <UniqueIdentifier>{227a2aeb-6834-4f6c-b1eb-b0003ed0e189}</UniqueIdentifier>
    </Filter>
    <Filter Include="Loader\TextureLoader">
      <UniqueIdentifier>{8abfba9a-50b0-4e76-a76a-d54291bc1404}</UniqueIdentifier>
    </Filter>
    <Filter Include="Loader\StaticMeshLoader">
      <UniqueIdentifier>{a818e9a9-7ad1-4291-b9ca-52feff8c93ae}</UniqueIdentifier>
    </Filter>
    <Filter Include="Object\Recursion">
      <UniqueIdentifier>{4dd70172-110a-4d3e-bc16-0f00ae86649e}</UniqueIdentifier>
    </Filter>
    <Filter Include="Object\VolumeLight">
      <UniqueIdentifier>{74b6f84b-82c0-4d6f-b9d6-22a1efad1e83}</UniqueIdentifier>
    </Filter>
    <Filter Include="UtilityFunction">
      <UniqueIdentifier>{396fa52a-98bc-41b9-afdf-ff7de269ac03}</UniqueIdentifier>
    </Filter>
    <Filter Include="AI">
      <UniqueIdentifier>{a961cdc6-07cd-4b4d-b6ca-08d88425a08f}</UniqueIdentifier>
    </Filter>
    <Filter Include="AI\KnowledgeSource">
      <UniqueIdentifier>{b6f00b19-6362-45d5-ae57-d4230f5aaa8a}</UniqueIdentifier>
    </Filter>
    <Filter Include="AI\BlackBoard">
      <UniqueIdentifier>{95923a1f-6c37-4cf8-92c9-4af5ad4aa990}</UniqueIdentifier>
    </Filter>
    <Filter Include="AI\Algorithm">
      <UniqueIdentifier>{a1835b16-ca3e-40c9-bbee-4780c1ad163b}</UniqueIdentifier>
    </Filter>
    <Filter Include="AI\Arbiter">
      <UniqueIdentifier>{7102d4a8-a9b7-4b37-aece-0431b5f37a2a}</UniqueIdentifier>
    </Filter>
    <Filter Include="Object\Wasuremono">
      <UniqueIdentifier>{f76eb046-ecae-44fb-b8f2-bba0f2acdb5e}</UniqueIdentifier>
    </Filter>
    <Filter Include="Effect">
      <UniqueIdentifier>{bd1f81cf-5758-406b-aa7c-382a09780ae9}</UniqueIdentifier>
    </Filter>
    <Filter Include="Effect\HpEffect">
      <UniqueIdentifier>{d12c0997-c69e-4487-a846-ed50f9a50e02}</UniqueIdentifier>
    </Filter>
    <Filter Include="Effect\ScreenEffectBase">
      <UniqueIdentifier>{0621b3be-98ca-44d9-a499-42b8633761d1}</UniqueIdentifier>
    </Filter>
    <Filter Include="Effect\TargetDisplayEffect">
      <UniqueIdentifier>{2faaedd2-7064-4bb5-aae6-dd818c534bf1}</UniqueIdentifier>
    </Filter>
    <Filter Include="Scene\Credit">
      <UniqueIdentifier>{0fd1597f-a49c-4b94-9c17-003fec8a27e2}</UniqueIdentifier>
    </Filter>
    <Filter Include="Scene\Credit\Credit2D">
      <UniqueIdentifier>{27471d35-a683-420c-a5a0-9f4addc70f52}</UniqueIdentifier>
    </Filter>
    <Filter Include="AI\BehaviorTree">
      <UniqueIdentifier>{aaf3ace7-37b8-431a-ab3a-d69454688926}</UniqueIdentifier>
    </Filter>
    <Filter Include="AI\StateMachine">
      <UniqueIdentifier>{d2746852-c7a4-4d7a-be64-d7678a39b131}</UniqueIdentifier>
    </Filter>
    <Filter Include="Scene\CharacterSelect">
      <UniqueIdentifier>{28b1a729-53b0-45e5-9d02-0418a8f5c6ee}</UniqueIdentifier>
    </Filter>
    <Filter Include="Manager">
      <UniqueIdentifier>{d860687a-957b-4aec-b828-5653136e072d}</UniqueIdentifier>
    </Filter>
    <Filter Include="Lambert">
      <UniqueIdentifier>{18393f96-a573-44b3-81f6-7cd14c7afa4f}</UniqueIdentifier>
    </Filter>
    <Filter Include="Object\ShockWave">
      <UniqueIdentifier>{78411b82-821b-4d40-80c5-d40bb89c743f}</UniqueIdentifier>
    </Filter>
    <Filter Include="AI\Map">
      <UniqueIdentifier>{76dff474-7b1b-49bf-93b9-b66f8bd81143}</UniqueIdentifier>
    </Filter>
    <Filter Include="Sound">
      <UniqueIdentifier>{37b89136-d3b7-4a31-94cc-5d3da36148f3}</UniqueIdentifier>
    </Filter>
    <Filter Include="Animation">
      <UniqueIdentifier>{d1caccd4-9775-4a08-a2c5-d6366b204d3e}</UniqueIdentifier>
    </Filter>
    <Filter Include="Effect\InstancingEffect">
      <UniqueIdentifier>{3ced9445-db18-4deb-a3df-273c95d6de79}</UniqueIdentifier>
    </Filter>
    <Filter Include="Effect\EffectManager">
      <UniqueIdentifier>{2fd1ef0f-9f1f-404b-bb29-a4f9354e9659}</UniqueIdentifier>
    </Filter>
    <Filter Include="AI\RecursionRecognition">
      <UniqueIdentifier>{07c8ecdc-da00-49b6-a7d6-e13cc966a32a}</UniqueIdentifier>
    </Filter>
    <Filter Include="UI\Game">
      <UniqueIdentifier>{008ca107-7c93-44a0-8ab1-c7fbbf42b7a7}</UniqueIdentifier>
    </Filter>
    <Filter Include="UI\Game\Chingin">
      <UniqueIdentifier>{72a55722-7247-48c1-9b06-1ef552128a77}</UniqueIdentifier>
    </Filter>
    <Filter Include="UI\Game\CutMemoryLine">
      <UniqueIdentifier>{2a6cf4dc-9221-492c-8b96-a1ffb073c7f8}</UniqueIdentifier>
    </Filter>
    <Filter Include="UI\Game\PlayTime">
      <UniqueIdentifier>{f560bf8a-e284-46d8-97e4-b327302ac544}</UniqueIdentifier>
    </Filter>
    <Filter Include="UI\Game\Recursion">
      <UniqueIdentifier>{28866f52-a732-4465-acc8-8885071dee91}</UniqueIdentifier>
    </Filter>
    <Filter Include="UI\Game\Revival">
      <UniqueIdentifier>{2bb7f2c9-9319-484d-87f8-ff29d9f106ec}</UniqueIdentifier>
    </Filter>
    <Filter Include="UI\CharacterSelect">
      <UniqueIdentifier>{90a76f1b-ef5e-4888-b487-313b10d4eae2}</UniqueIdentifier>
    </Filter>
    <Filter Include="UI\Result">
      <UniqueIdentifier>{09a0546f-b056-473f-8778-44806494f09d}</UniqueIdentifier>
    </Filter>
    <Filter Include="UI\Title">
      <UniqueIdentifier>{34bd9ee6-3431-4971-bf0c-15c3d61f5ab0}</UniqueIdentifier>
    </Filter>
    <Filter Include="UI\Game\Pause">
      <UniqueIdentifier>{d0110b46-f168-4c37-876e-66c3b1924bad}</UniqueIdentifier>
    </Filter>
    <Filter Include="UI\ScreenSplitLine">
      <UniqueIdentifier>{74e015f2-f332-4d6d-930e-bbc3e81934a4}</UniqueIdentifier>
    </Filter>
    <Filter Include="Effect\BulletEffect">
      <UniqueIdentifier>{b2456d65-1ed9-4837-a9d8-43c7048ff7f3}</UniqueIdentifier>
    </Filter>
    <Filter Include="Effect\DownEffect">
      <UniqueIdentifier>{f7bec369-c4d7-49e8-8121-7d7adf0e0a3b}</UniqueIdentifier>
    </Filter>
    <Filter Include="Effect\UpEffect">
      <UniqueIdentifier>{0341cb25-6882-4699-99fe-5db1e191c4da}</UniqueIdentifier>
    </Filter>
    <Filter Include="Effect\LineEffect">
      <UniqueIdentifier>{eebf7c8e-e6c8-41b1-a94d-a850a3e147f9}</UniqueIdentifier>
    </Filter>
    <Filter Include="Fader">
      <UniqueIdentifier>{8cd57046-37aa-4c3a-baac-7e395309381e}</UniqueIdentifier>
    </Filter>
    <Filter Include="Effect\ChinginEffect">
      <UniqueIdentifier>{33ed9ab0-e3c0-4114-8f13-501ad60b1ece}</UniqueIdentifier>
    </Filter>
    <Filter Include="Effect\FeelEffect">
      <UniqueIdentifier>{2f6c9e2b-e708-48b7-98fc-6af91a0dd64a}</UniqueIdentifier>
    </Filter>
  </ItemGroup>
  <ItemGroup>
    <ClCompile Include="AbstractScene.cpp">
      <Filter>Scene\AbstractScene</Filter>
    </ClCompile>
    <ClCompile Include="Base.cpp">
      <Filter>Base</Filter>
    </ClCompile>
    <ClCompile Include="Camera.cpp">
      <Filter>Camera</Filter>
    </ClCompile>
    <ClCompile Include="Colony.cpp">
      <Filter>Object\Colony</Filter>
    </ClCompile>
    <ClCompile Include="Direct3D9.cpp">
      <Filter>Direct3D9</Filter>
    </ClCompile>
    <ClCompile Include="DirectInputController.cpp">
      <Filter>Input</Filter>
    </ClCompile>
    <ClCompile Include="Director.cpp">
      <Filter>Director</Filter>
    </ClCompile>
    <ClCompile Include="Entry.cpp">
      <Filter>Entry</Filter>
    </ClCompile>
    <ClCompile Include="Game.cpp">
      <Filter>Scene\Game</Filter>
    </ClCompile>
    <ClCompile Include="Input.cpp">
      <Filter>Input</Filter>
    </ClCompile>
    <ClCompile Include="Junk.cpp">
      <Filter>Object\Junk</Filter>
    </ClCompile>
    <ClCompile Include="Light.cpp">
      <Filter>Light</Filter>
    </ClCompile>
    <ClCompile Include="Magnet.cpp">
      <Filter>Object\Magnet</Filter>
    </ClCompile>
    <ClCompile Include="Object.cpp">
      <Filter>Object\ベース</Filter>
    </ClCompile>
    <ClCompile Include="Planet.cpp">
      <Filter>Object\Planet</Filter>
    </ClCompile>
    <ClCompile Include="Player.cpp">
      <Filter>Object\Player</Filter>
    </ClCompile>
    <ClCompile Include="Ray.cpp">
      <Filter>Ray</Filter>
    </ClCompile>
    <ClCompile Include="Result.cpp">
      <Filter>Scene\Result</Filter>
    </ClCompile>
    <ClCompile Include="Splash.cpp">
      <Filter>Scene\Splash</Filter>
    </ClCompile>
    <ClCompile Include="Sprite.cpp">
      <Filter>Sprite</Filter>
    </ClCompile>
    <ClCompile Include="Text.cpp">
      <Filter>Text</Filter>
    </ClCompile>
    <ClCompile Include="Title.cpp">
      <Filter>Scene\Title</Filter>
    </ClCompile>
    <ClCompile Include="Window.cpp">
      <Filter>Window</Filter>
    </ClCompile>
    <ClCompile Include="BoundingSphere.cpp">
      <Filter>BoudingSphere</Filter>
    </ClCompile>
    <ClCompile Include="Splash2D.cpp">
      <Filter>Scene\Splash\Splash2D</Filter>
    </ClCompile>
    <ClCompile Include="Credit.cpp">
      <Filter>Scene\Credit</Filter>
    </ClCompile>
    <ClCompile Include="Tutorial.cpp">
      <Filter>Scene\Tutorial</Filter>
    </ClCompile>
    <ClCompile Include="Operation.cpp">
      <Filter>Scene\Operation</Filter>
    </ClCompile>
    <ClCompile Include="Tutorial2D.cpp">
      <Filter>Scene\Tutorial\Tutorial2D</Filter>
    </ClCompile>
    <ClCompile Include="Credit2D.cpp">
      <Filter>Scene\Credit\Credit2D</Filter>
    </ClCompile>
    <ClCompile Include="KeyOpe.cpp">
      <Filter>Scene\Operation\KeyOpe</Filter>
    </ClCompile>
    <ClCompile Include="PadOpe.cpp">
      <Filter>Scene\Operation\PadOpe</Filter>
    </ClCompile>
    <ClCompile Include="Bullet.cpp">
      <Filter>Object\Bullet</Filter>
    </ClCompile>
    <ClCompile Include="DebugWindow.cpp">
      <Filter>Window</Filter>
    </ClCompile>
    <ClCompile Include="GameMaster.cpp">
      <Filter>GameMaster</Filter>
    </ClCompile>
    <ClCompile Include="PointSprite.cpp">
      <Filter>PointSprite</Filter>
    </ClCompile>
    <ClCompile Include="Billboard.cpp">
      <Filter>Billboard</Filter>
    </ClCompile>
    <ClCompile Include="TextureLoader.cpp">
      <Filter>Loader\TextureLoader</Filter>
    </ClCompile>
    <ClCompile Include="StaticMeshLoader.cpp">
      <Filter>Loader\StaticMeshLoader</Filter>
    </ClCompile>
    <ClCompile Include="MemoryPile.cpp">
      <Filter>Object\MemoryPile</Filter>
    </ClCompile>
    <ClCompile Include="ShaderLoader.cpp">
      <Filter>Loader\ShaderLoader</Filter>
    </ClCompile>
    <ClCompile Include="MemoryLine.cpp">
      <Filter>Object\MemoryLine</Filter>
    </ClCompile>
    <ClCompile Include="Recursion.cpp">
      <Filter>Object\Recursion</Filter>
    </ClCompile>
    <ClCompile Include="VolumeLight.cpp">
      <Filter>Object\VolumeLight</Filter>
    </ClCompile>
    <ClCompile Include="UtilityFunction.cpp">
      <Filter>UtilityFunction</Filter>
    </ClCompile>
    <ClCompile Include="HpEffect.cpp">
      <Filter>Effect\HpEffect</Filter>
    </ClCompile>
    <ClCompile Include="ScreenEffectBase.cpp">
      <Filter>Effect\ScreenEffectBase</Filter>
    </ClCompile>
    <ClCompile Include="KnowledgeSourceBase.cpp">
      <Filter>AI\KnowledgeSource</Filter>
    </ClCompile>
    <ClCompile Include="BlackBoardBase.cpp">
      <Filter>AI\BlackBoard</Filter>
    </ClCompile>
    <ClCompile Include="BlackBoardRecognition.cpp">
      <Filter>AI\BlackBoard</Filter>
    </ClCompile>
    <ClCompile Include="BlackBoardBody.cpp">
      <Filter>AI\BlackBoard</Filter>
    </ClCompile>
    <ClCompile Include="Fuzzy.cpp">
      <Filter>AI\Algorithm</Filter>
    </ClCompile>
    <ClCompile Include="Arbiter.cpp">
      <Filter>AI\Arbiter</Filter>
    </ClCompile>
    <ClCompile Include="MotionGeneration.cpp">
      <Filter>AI\KnowledgeSource</Filter>
    </ClCompile>
    <ClCompile Include="PathPlanning.cpp">
      <Filter>AI\KnowledgeSource</Filter>
    </ClCompile>
    <ClCompile Include="Sensor.cpp">
      <Filter>AI\KnowledgeSource</Filter>
    </ClCompile>
    <ClCompile Include="EnvironmentAnalysis.cpp">
      <Filter>AI\KnowledgeSource</Filter>
    </ClCompile>
    <ClCompile Include="DecisionMaking.cpp">
      <Filter>AI\KnowledgeSource</Filter>
    </ClCompile>
    <ClCompile Include="Wasuremono.cpp">
      <Filter>Object\Wasuremono</Filter>
    </ClCompile>
    <ClCompile Include="WasuremonoManager.cpp">
      <Filter>Object\Wasuremono</Filter>
    </ClCompile>
    <ClCompile Include="WasuremonoTable.cpp">
      <Filter>Object\Wasuremono</Filter>
    </ClCompile>
    <ClCompile Include="TargetDisplayEffect.cpp">
      <Filter>Effect\TargetDisplayEffect</Filter>
    </ClCompile>
    <ClCompile Include="WasuremonoSeries.cpp">
      <Filter>Object\Wasuremono</Filter>
    </ClCompile>
    <ClCompile Include="AbstractScene.cpp">
      <Filter>Scene\AbstractScene</Filter>
    </ClCompile>
    <ClCompile Include="AgentAI.cpp">
      <Filter>AI</Filter>
    </ClCompile>
    <ClCompile Include="BlackBoardMemory.cpp">
      <Filter>AI\BlackBoard</Filter>
    </ClCompile>
    <ClCompile Include="StateMachine.cpp">
      <Filter>AI\StateMachine</Filter>
    </ClCompile>
    <ClCompile Include="BehaviorTree.cpp">
      <Filter>AI\BehaviorTree</Filter>
    </ClCompile>
    <ClCompile Include="BehaviorNodeBase.cpp">
      <Filter>AI\BehaviorTree</Filter>
    </ClCompile>
    <ClCompile Include="SubProcedureNode.cpp">
      <Filter>AI\BehaviorTree</Filter>
    </ClCompile>
    <ClCompile Include="ActionNode.cpp">
      <Filter>AI\BehaviorTree</Filter>
    </ClCompile>
    <ClCompile Include="RuleNode.cpp">
      <Filter>AI\BehaviorTree</Filter>
    </ClCompile>
    <ClCompile Include="ConditionalNode.cpp">
      <Filter>AI\BehaviorTree</Filter>
    </ClCompile>
    <ClCompile Include="ChinginManager.cpp">
      <Filter>Object\Wage</Filter>
    </ClCompile>
    <ClCompile Include="InstancingChingin.cpp">
      <Filter>Object\Wage</Filter>
    </ClCompile>
    <ClCompile Include="Wage.cpp">
      <Filter>Object\Wage</Filter>
    </ClCompile>
    <ClCompile Include="UIChingin.cpp">
      <Filter>UI\Game\Chingin</Filter>
    </ClCompile>
    <ClCompile Include="UIPlayTime.cpp">
      <Filter>UI\Game\PlayTime</Filter>
    </ClCompile>
    <ClCompile Include="UIRecursion.cpp">
      <Filter>UI\Game\Recursion</Filter>
    </ClCompile>
    <ClCompile Include="TextManager.cpp">
      <Filter>Manager</Filter>
    </ClCompile>
    <ClCompile Include="Lambert.cpp">
      <Filter>Lambert</Filter>
    </ClCompile>
    <ClCompile Include="ShockWave.cpp">
      <Filter>Object\ShockWave</Filter>
    </ClCompile>
    <ClCompile Include="Map.cpp">
      <Filter>AI\Map</Filter>
    </ClCompile>
    <ClCompile Include="UICutMemoryLine.cpp">
      <Filter>UI\Game\CutMemoryLine</Filter>
    </ClCompile>
    <ClCompile Include="UIScreenSplitLine.cpp">
      <Filter>UI\ScreenSplitLine</Filter>
    </ClCompile>
    <ClCompile Include="UIRevival.cpp">
      <Filter>UI\Game\Revival</Filter>
    </ClCompile>
    <ClCompile Include="Sound.cpp">
      <Filter>Sound</Filter>
    </ClCompile>
    <ClCompile Include="Animation.cpp">
      <Filter>Animation</Filter>
    </ClCompile>
    <ClCompile Include="AllocateHierarchy.cpp">
      <Filter>Animation</Filter>
    </ClCompile>
    <ClCompile Include="EffectManager.cpp">
      <Filter>Effect\EffectManager</Filter>
    </ClCompile>
    <ClCompile Include="InstancingEffect.cpp">
      <Filter>Effect\InstancingEffect</Filter>
    </ClCompile>
    <ClCompile Include="RecursionRecognition.cpp">
      <Filter>AI\RecursionRecognition</Filter>
    </ClCompile>
    <ClCompile Include="UIResult.cpp">
      <Filter>UI\Result</Filter>
    </ClCompile>
    <ClCompile Include="UICharacterSelect.cpp">
      <Filter>UI\CharacterSelect</Filter>
    </ClCompile>
    <ClCompile Include="CharacterSelect.cpp">
      <Filter>Scene\CharacterSelect</Filter>
    </ClCompile>
    <ClCompile Include="UIPause.cpp">
      <Filter>UI\Game\Pause</Filter>
    </ClCompile>
    <ClCompile Include="UITitle.cpp">
      <Filter>UI\Title</Filter>
    </ClCompile>
    <ClCompile Include="InstancingBillboard.cpp">
      <Filter>Billboard</Filter>
    </ClCompile>
    <ClCompile Include="playerK.cpp" />
    <ClCompile Include="PointLight.cpp" />
    <ClCompile Include="Fader.cpp">
      <Filter>Fader</Filter>
    </ClCompile>
    <ClCompile Include="BulletEffect.cpp">
      <Filter>Effect\BulletEffect</Filter>
    </ClCompile>
    <ClCompile Include="DownEffect.cpp">
      <Filter>Effect\DownEffect</Filter>
    </ClCompile>
    <ClCompile Include="UpEffect.cpp">
      <Filter>Effect\UpEffect</Filter>
    </ClCompile>
    <ClCompile Include="LineEffect.cpp">
      <Filter>Effect\LineEffect</Filter>
    </ClCompile>
    <ClCompile Include="ChinginEffect.cpp">
      <Filter>Effect\ChinginEffect</Filter>
    </ClCompile>
    <ClCompile Include="FeelEffect.cpp">
      <Filter>Effect\FeelEffect</Filter>
    </ClCompile>
  </ItemGroup>
  <ItemGroup>
    <ClInclude Include="AbstractScene.h">
      <Filter>Scene\AbstractScene</Filter>
    </ClInclude>
    <ClInclude Include="Base.h">
      <Filter>Base</Filter>
    </ClInclude>
    <ClInclude Include="Camera.h">
      <Filter>Camera</Filter>
    </ClInclude>
    <ClInclude Include="Colony.h">
      <Filter>Object\Colony</Filter>
    </ClInclude>
    <ClInclude Include="Direct3D9.h">
      <Filter>Direct3D9</Filter>
    </ClInclude>
    <ClInclude Include="DirectInputController.h">
      <Filter>Input</Filter>
    </ClInclude>
    <ClInclude Include="Director.h">
      <Filter>Director</Filter>
    </ClInclude>
    <ClInclude Include="Game.h">
      <Filter>Scene\Game</Filter>
    </ClInclude>
    <ClInclude Include="Input.h">
      <Filter>Input</Filter>
    </ClInclude>
    <ClInclude Include="Junk.h">
      <Filter>Object\Junk</Filter>
    </ClInclude>
    <ClInclude Include="Light.h">
      <Filter>Light</Filter>
    </ClInclude>
    <ClInclude Include="Magnet.h">
      <Filter>Object\Magnet</Filter>
    </ClInclude>
    <ClInclude Include="Object.h">
      <Filter>Object\ベース</Filter>
    </ClInclude>
    <ClInclude Include="Planet.h">
      <Filter>Object\Planet</Filter>
    </ClInclude>
    <ClInclude Include="Player.h">
      <Filter>Object\Player</Filter>
    </ClInclude>
    <ClInclude Include="Ray.h">
      <Filter>Ray</Filter>
    </ClInclude>
    <ClInclude Include="Result.h">
      <Filter>Scene\Result</Filter>
    </ClInclude>
    <ClInclude Include="Splash.h">
      <Filter>Scene\Splash</Filter>
    </ClInclude>
    <ClInclude Include="Sprite.h">
      <Filter>Sprite</Filter>
    </ClInclude>
    <ClInclude Include="Text.h">
      <Filter>Text</Filter>
    </ClInclude>
    <ClInclude Include="Title.h">
      <Filter>Scene\Title</Filter>
    </ClInclude>
    <ClInclude Include="VirtualController.h">
      <Filter>Input</Filter>
    </ClInclude>
    <ClInclude Include="Window.h">
      <Filter>Window</Filter>
    </ClInclude>
    <ClInclude Include="BoundingSphere.h">
      <Filter>BoudingSphere</Filter>
    </ClInclude>
    <ClInclude Include="AgentAI.h">
      <Filter>AI</Filter>
    </ClInclude>
    <ClInclude Include="AICommon.h">
      <Filter>AI</Filter>
    </ClInclude>
    <ClInclude Include="KnowledgeSourceBase.h">
      <Filter>AI\KnowledgeSource</Filter>
    </ClInclude>
    <ClInclude Include="BlackBoardBase.h">
      <Filter>AI\BlackBoard</Filter>
    </ClInclude>
    <ClInclude Include="BlackBoardRecognition.h">
      <Filter>AI\BlackBoard</Filter>
    </ClInclude>
    <ClInclude Include="BlackBoardBody.h">
      <Filter>AI\BlackBoard</Filter>
    </ClInclude>
    <ClInclude Include="Fuzzy.h">
      <Filter>AI\Algorithm</Filter>
    </ClInclude>
    <ClInclude Include="Arbiter.h">
      <Filter>AI\Arbiter</Filter>
    </ClInclude>
    <ClInclude Include="MotionGeneration.h">
      <Filter>AI\KnowledgeSource</Filter>
    </ClInclude>
    <ClInclude Include="PathPlanning.h">
      <Filter>AI\KnowledgeSource</Filter>
    </ClInclude>
    <ClInclude Include="Sensor.h">
      <Filter>AI\KnowledgeSource</Filter>
    </ClInclude>
    <ClInclude Include="EnvironmentAnalysis.h">
      <Filter>AI\KnowledgeSource</Filter>
    </ClInclude>
    <ClInclude Include="DecisionMaking.h">
      <Filter>AI\KnowledgeSource</Filter>
    </ClInclude>
    <ClInclude Include="Bullet.h">
      <Filter>Object\Bullet</Filter>
    </ClInclude>
    <ClInclude Include="DebugWindow.h">
      <Filter>Window</Filter>
    </ClInclude>
    <ClInclude Include="GameMaster.h">
      <Filter>GameMaster</Filter>
    </ClInclude>
    <ClInclude Include="PointSprite.h">
      <Filter>PointSprite</Filter>
    </ClInclude>
    <ClInclude Include="Billboard.h">
      <Filter>Billboard</Filter>
    </ClInclude>
    <ClInclude Include="TextureLoader.h">
      <Filter>Loader\TextureLoader</Filter>
    </ClInclude>
    <ClInclude Include="StaticMeshLoader.h">
      <Filter>Loader\StaticMeshLoader</Filter>
    </ClInclude>
    <ClInclude Include="MemoryPile.h">
      <Filter>Object\MemoryPile</Filter>
    </ClInclude>
    <ClInclude Include="ShaderLoader.h">
      <Filter>Loader\ShaderLoader</Filter>
    </ClInclude>
    <ClInclude Include="MemoryLine.h">
      <Filter>Object\MemoryLine</Filter>
    </ClInclude>
    <ClInclude Include="Recursion.h">
      <Filter>Object\Recursion</Filter>
    </ClInclude>
    <ClInclude Include="VolumeLight.h">
      <Filter>Object\VolumeLight</Filter>
    </ClInclude>
    <ClInclude Include="Game.h">
      <Filter>Scene\Game</Filter>
    </ClInclude>
    <ClInclude Include="UtilityFunction.h">
      <Filter>UtilityFunction</Filter>
    </ClInclude>
    <ClInclude Include="Wasuremono.h">
      <Filter>Object\Wasuremono</Filter>
    </ClInclude>
    <ClInclude Include="WasuremonoManager.h">
      <Filter>Object\Wasuremono</Filter>
    </ClInclude>
    <ClInclude Include="WasuremonoTable.h">
      <Filter>Object\Wasuremono</Filter>
    </ClInclude>
    <ClInclude Include="HpEffect.h">
      <Filter>Effect\HpEffect</Filter>
    </ClInclude>
    <ClInclude Include="ScreenEffectBase.h">
      <Filter>Effect\ScreenEffectBase</Filter>
    </ClInclude>
    <ClInclude Include="TargetDisplayEffect.h">
      <Filter>Effect\TargetDisplayEffect</Filter>
    </ClInclude>
    <ClInclude Include="WasuremonoSeries.h">
      <Filter>Object\Wasuremono</Filter>
    </ClInclude>
    <ClInclude Include="BlackBoardMemory.h">
      <Filter>AI\BlackBoard</Filter>
    </ClInclude>
    <ClInclude Include="StateMachine.h">
      <Filter>AI\StateMachine</Filter>
    </ClInclude>
    <ClInclude Include="BehaviorTree.h">
      <Filter>AI\BehaviorTree</Filter>
    </ClInclude>
    <ClInclude Include="BehaviorNodeBase.h">
      <Filter>AI\BehaviorTree</Filter>
    </ClInclude>
    <ClInclude Include="SubProcedureNode.h">
      <Filter>AI\BehaviorTree</Filter>
    </ClInclude>
    <ClInclude Include="ActionNode.h">
      <Filter>AI\BehaviorTree</Filter>
    </ClInclude>
    <ClInclude Include="RuleNode.h">
      <Filter>AI\BehaviorTree</Filter>
    </ClInclude>
    <ClInclude Include="ConditionalNode.h">
      <Filter>AI\BehaviorTree</Filter>
    </ClInclude>
    <ClInclude Include="ChinginManager.h">
      <Filter>Object\Wage</Filter>
    </ClInclude>
    <ClInclude Include="InstancingChingin.h">
      <Filter>Object\Wage</Filter>
    </ClInclude>
    <ClInclude Include="Wage.h">
      <Filter>Object\Wage</Filter>
    </ClInclude>
    <ClInclude Include="UIChingin.h">
      <Filter>UI\Game\Chingin</Filter>
    </ClInclude>
    <ClInclude Include="UIPlayTime.h">
      <Filter>UI\Game\PlayTime</Filter>
    </ClInclude>
    <ClInclude Include="UIRecursion.h">
      <Filter>UI\Game\Recursion</Filter>
    </ClInclude>
    <ClInclude Include="TextManager.h">
      <Filter>Manager</Filter>
    </ClInclude>
    <ClInclude Include="Lambert.h">
      <Filter>Lambert</Filter>
    </ClInclude>
    <ClInclude Include="ShockWave.h">
      <Filter>Object\ShockWave</Filter>
    </ClInclude>
    <ClInclude Include="Map.h">
      <Filter>AI\Map</Filter>
    </ClInclude>
    <ClInclude Include="UICutMemoryLine.h">
      <Filter>UI\Game\CutMemoryLine</Filter>
    </ClInclude>
    <ClInclude Include="UIScreenSplitLine.h">
      <Filter>UI\ScreenSplitLine</Filter>
    </ClInclude>
    <ClInclude Include="UIRevival.h">
      <Filter>UI\Game\Revival</Filter>
    </ClInclude>
    <ClInclude Include="Sound.h">
      <Filter>Sound</Filter>
    </ClInclude>
    <ClInclude Include="Animation.h">
      <Filter>Animation</Filter>
    </ClInclude>
    <ClInclude Include="AllocateHierarchy.h">
      <Filter>Animation</Filter>
    </ClInclude>
    <ClInclude Include="EffectManager.h">
      <Filter>Effect\EffectManager</Filter>
    </ClInclude>
    <ClInclude Include="InstancingEffect.h">
      <Filter>Effect\InstancingEffect</Filter>
    </ClInclude>
    <ClInclude Include="InstancingBillboard.h" />
    <ClInclude Include="RecursionRecognition.h">
      <Filter>AI\RecursionRecognition</Filter>
    </ClInclude>
    <ClInclude Include="PointLight.h" />
    <ClInclude Include="Fader.h">
      <Filter>Fader</Filter>
    </ClInclude>
    <ClInclude Include="BulletEffect.h">
      <Filter>Effect\BulletEffect</Filter>
    </ClInclude>
    <ClInclude Include="DownEffect.h">
      <Filter>Effect\DownEffect</Filter>
    </ClInclude>
    <ClInclude Include="UpEffect.h">
      <Filter>Effect\UpEffect</Filter>
    </ClInclude>
    <ClInclude Include="LineEffect.h">
      <Filter>Effect\LineEffect</Filter>
    </ClInclude>
    <ClInclude Include="UIResult.h">
      <Filter>UI\Result</Filter>
    </ClInclude>
    <ClInclude Include="UICharacterSelect.h">
      <Filter>UI\CharacterSelect</Filter>
    </ClInclude>
    <ClInclude Include="CharacterSelect.h">
      <Filter>Scene\CharacterSelect</Filter>
    </ClInclude>
    <ClInclude Include="UIPause.h">
      <Filter>UI\Game\Pause</Filter>
    </ClInclude>
    <ClInclude Include="UITitle.h">
      <Filter>UI\Title</Filter>
    </ClInclude>
    <ClInclude Include="InstancingBillboard.h">
      <Filter>Billboard</Filter>
    </ClInclude>
    <ClInclude Include="InstancingBillboard.h">
      <Filter>Billboard</Filter>
    </ClInclude>
    <ClInclude Include="playerK.h" />
    <ClInclude Include="ChinginEffect.h">
      <Filter>Effect\ChinginEffect</Filter>
    </ClInclude>
    <ClInclude Include="FeelEffect.h">
      <Filter>Effect\FeelEffect</Filter>
    </ClInclude>
  </ItemGroup>
  <ItemGroup>
    <None Include="02 Visual File\bullet.x">
      <Filter>02 Visual File</Filter>
    </None>
    <None Include="02 Visual File\field001.x">
      <Filter>02 Visual File</Filter>
    </None>
    <None Include="02 Visual File\HierarchyMesh.x">
      <Filter>02 Visual File</Filter>
    </None>
    <None Include="02 Visual File\magnetN.x">
      <Filter>02 Visual File</Filter>
    </None>
    <None Include="02 Visual File\magnetS.x">
      <Filter>02 Visual File</Filter>
    </None>
    <None Include="02 Visual File\planet.x">
      <Filter>02 Visual File</Filter>
    </None>
    <None Include="02 Visual File\RobotB.x">
      <Filter>02 Visual File</Filter>
    </None>
    <None Include="02 Visual File\robotB_still_back.x">
      <Filter>02 Visual File</Filter>
    </None>
    <None Include="02 Visual File\SkinnedMesh.x">
      <Filter>02 Visual File</Filter>
    </None>
    <None Include="02 Visual File\star.x">
      <Filter>02 Visual File</Filter>
    </None>
    <None Include="02 Visual File\StaticMesh.x">
      <Filter>02 Visual File</Filter>
    </None>
    <None Include="02 Visual File\Toon_6Color.x">
      <Filter>02 Visual File</Filter>
    </None>
  </ItemGroup>
  <ItemGroup>
    <Image Include="02 Visual File\ColonyHitPointUI.jpg">
      <Filter>02 Visual File</Filter>
    </Image>
    <Image Include="02 Visual File\GaugeBar.png">
      <Filter>02 Visual File</Filter>
    </Image>
    <Image Include="02 Visual File\GaugeBase.png">
      <Filter>02 Visual File</Filter>
    </Image>
    <Image Include="02 Visual File\GaugeCover.png">
      <Filter>02 Visual File</Filter>
    </Image>
    <Image Include="02 Visual File\MissileUI.jpg">
      <Filter>02 Visual File</Filter>
    </Image>
    <Image Include="02 Visual File\nTex.png">
      <Filter>02 Visual File</Filter>
    </Image>
    <Image Include="02 Visual File\outline.bmp">
      <Filter>02 Visual File</Filter>
    </Image>
    <Image Include="02 Visual File\ragged.bmp">
      <Filter>02 Visual File</Filter>
    </Image>
    <Image Include="02 Visual File\Shade.bmp">
      <Filter>02 Visual File</Filter>
    </Image>
    <Image Include="02 Visual File\sTex.png">
      <Filter>02 Visual File</Filter>
    </Image>
    <Image Include="02 Visual File\UVグリッド.png">
      <Filter>02 Visual File</Filter>
    </Image>
    <Image Include="02 Visual File\WeaponUI.jpg">
      <Filter>02 Visual File</Filter>
    </Image>
    <ClInclude Include="Splash2D.h">
      <Filter>Scene\Splash\Splash2D</Filter>
    </ClInclude>
    <ClInclude Include="Credit.h">
      <Filter>Scene\Credit</Filter>
    </ClInclude>
    <ClInclude Include="Tutorial.h">
      <Filter>Scene\Tutorial</Filter>
    </ClInclude>
    <ClInclude Include="Operation.h">
      <Filter>Scene\Operation</Filter>
    </ClInclude>
    <ClInclude Include="Tutorial2D.h">
      <Filter>Scene\Tutorial\Tutorial2D</Filter>
    </ClInclude>
    <ClInclude Include="Credit2D.h">
      <Filter>Scene\Credit\Credit2D</Filter>
    </ClInclude>
    <ClInclude Include="KeyOpe.h">
      <Filter>Scene\Operation\KeyOpe</Filter>
    </ClInclude>
    <ClInclude Include="PadOpe.h">
      <Filter>Scene\Operation\PadOpe</Filter>
    </ClInclude>
    <Image Include="..\..\..\..\..\..\OneDrive\デスクトップ\effect2.png">
      <Filter>02 Visual File</Filter>
    </Image>
  </ItemGroup>
</Project>