<?xml version="1.0" encoding="utf-8"?>
<Project ToolsVersion="4.0" xmlns="http://schemas.microsoft.com/developer/msbuild/2003">
  <ItemGroup>
    <Filter Include="Entry">
      <UniqueIdentifier>{fccd00c6-34ea-4548-98bf-d80129316756}</UniqueIdentifier>
    </Filter>
    <Filter Include="Director">
      <UniqueIdentifier>{c2855ac2-0321-4876-b7fe-8f2ee780bcc2}</UniqueIdentifier>
    </Filter>
    <Filter Include="Base">
      <UniqueIdentifier>{01566807-89a4-4f6f-a07d-44c3ec36dfff}</UniqueIdentifier>
    </Filter>
    <Filter Include="Window">
      <UniqueIdentifier>{080a8f5b-11bf-457e-8e84-a81b9680f0b9}</UniqueIdentifier>
    </Filter>
    <Filter Include="Direct3D9">
      <UniqueIdentifier>{fb16c361-8e36-40aa-b42c-9ad96910d0fe}</UniqueIdentifier>
    </Filter>
    <Filter Include="Sound">
      <UniqueIdentifier>{37b89136-d3b7-4a31-94cc-5d3da36148f3}</UniqueIdentifier>
    </Filter>
    <Filter Include="Camera">
      <UniqueIdentifier>{59baf1aa-b1b2-4624-97a1-f181b60278bb}</UniqueIdentifier>
    </Filter>
    <Filter Include="Scene">
      <UniqueIdentifier>{e149ef21-d3e1-4d8f-906a-de06f4566977}</UniqueIdentifier>
    </Filter>
    <Filter Include="Scene\Title">
      <UniqueIdentifier>{49618fab-fa26-4ca9-97c4-80705d8903ff}</UniqueIdentifier>
    </Filter>
    <Filter Include="Scene\AbstractScene">
      <UniqueIdentifier>{6a13ee1e-1b67-4ea9-8250-cc22522a1ea6}</UniqueIdentifier>
    </Filter>
    <Filter Include="Object">
      <UniqueIdentifier>{0e14a614-14ab-488d-a105-7be72db5e82c}</UniqueIdentifier>
    </Filter>
    <Filter Include="Input">
      <UniqueIdentifier>{be3a3183-9cea-4d22-826b-d5a69c2e4a62}</UniqueIdentifier>
    </Filter>
    <Filter Include="01 Data File">
      <UniqueIdentifier>{d3865fcb-9f92-406e-8463-f38c697eb173}</UniqueIdentifier>
    </Filter>
    <Filter Include="02 Visual File">
      <UniqueIdentifier>{4f78a12d-7159-43b1-84f3-2a9bce9229f3}</UniqueIdentifier>
    </Filter>
    <Filter Include="03 Shader File">
      <UniqueIdentifier>{7522a4c5-38e7-46b8-8de5-68213954921c}</UniqueIdentifier>
    </Filter>
    <Filter Include="04 Sound File">
      <UniqueIdentifier>{aa274e1b-8a2d-4082-b905-c18138b84eb6}</UniqueIdentifier>
    </Filter>
    <Filter Include="Audio">
      <UniqueIdentifier>{4ac8f897-e76a-46fb-bf32-80f619742dc5}</UniqueIdentifier>
    </Filter>
    <Filter Include="Object\Player">
      <UniqueIdentifier>{8880fccc-ba75-4d51-aee0-bd223fadc694}</UniqueIdentifier>
    </Filter>
    <Filter Include="Ray">
      <UniqueIdentifier>{133be285-9b18-4005-b8e7-85eb24818210}</UniqueIdentifier>
    </Filter>
    <Filter Include="Text">
      <UniqueIdentifier>{e9126a67-699d-4eca-a754-c0db86e684df}</UniqueIdentifier>
    </Filter>
    <Filter Include="Object\Magnet">
      <UniqueIdentifier>{53af07e7-3f6c-4177-bffd-31a7384c7560}</UniqueIdentifier>
    </Filter>
    <Filter Include="BoudingSphere">
      <UniqueIdentifier>{c6b5aa5a-bff9-4abe-b39e-61aa3752e32d}</UniqueIdentifier>
    </Filter>
    <Filter Include="Object\Bullet">
      <UniqueIdentifier>{3dfdaea0-621c-4e51-96f2-c7a44fffac99}</UniqueIdentifier>
    </Filter>
    <Filter Include="Sprite">
      <UniqueIdentifier>{70463875-2daf-44d5-93ba-792197bcfcb0}</UniqueIdentifier>
    </Filter>
    <Filter Include="UI">
      <UniqueIdentifier>{bb8b83bf-5a45-49ed-b64c-06e357407b18}</UniqueIdentifier>
    </Filter>
    <Filter Include="Scene\Splash">
      <UniqueIdentifier>{c158ea93-11b0-43d9-a8d0-00037b9c28ef}</UniqueIdentifier>
    </Filter>
    <Filter Include="Scene\SelectCharacter">
      <UniqueIdentifier>{edcabc91-3a71-4735-b36c-0c72ab3bf29e}</UniqueIdentifier>
    </Filter>
    <Filter Include="Scene\Result">
      <UniqueIdentifier>{77746008-6b77-4523-9c21-d099946cc532}</UniqueIdentifier>
    </Filter>
    <Filter Include="Light">
      <UniqueIdentifier>{9a615eb5-f59e-43b5-ad3c-9a58b319a70f}</UniqueIdentifier>
    </Filter>
    <Filter Include="Object\Colony">
      <UniqueIdentifier>{ba0b0858-8d3b-49b8-8221-cc672ae84516}</UniqueIdentifier>
    </Filter>
    <Filter Include="Object\Junk">
      <UniqueIdentifier>{1ccf7e5f-d1a6-4161-990c-49ef8dc3e062}</UniqueIdentifier>
    </Filter>
    <Filter Include="Object\ベース">
      <UniqueIdentifier>{1c726889-d3b4-4cad-ac1a-dc8e30d085fe}</UniqueIdentifier>
    </Filter>
    <Filter Include="Object\Planet">
      <UniqueIdentifier>{27493bab-38b6-4b88-b308-f24bf5c68959}</UniqueIdentifier>
    </Filter>
    <Filter Include="Scene\Game">
      <UniqueIdentifier>{d95aa518-3c8e-4925-b91f-da9b598e5ac9}</UniqueIdentifier>
    </Filter>
    <Filter Include="Scene\Splash\Splash2D">
      <UniqueIdentifier>{f8726285-6ecd-414b-b93b-c13b0d2d3dc6}</UniqueIdentifier>
    </Filter>
    <Filter Include="Scene\SelectCharacter\SelectCharacter2D">
      <UniqueIdentifier>{e6b12f7b-6b14-457c-8101-dd5351af80ed}</UniqueIdentifier>
    </Filter>
    <Filter Include="Scene\Result\Result2D">
      <UniqueIdentifier>{b467a5f0-a32d-435e-9e98-e7dc67d44d91}</UniqueIdentifier>
    </Filter>
    <Filter Include="Scene\Credit">
      <UniqueIdentifier>{0fd1597f-a49c-4b94-9c17-003fec8a27e2}</UniqueIdentifier>
    </Filter>
    <Filter Include="Scene\Tutorial">
      <UniqueIdentifier>{e24a5634-eb37-4ee2-86b9-40c2975ddb48}</UniqueIdentifier>
    </Filter>
    <Filter Include="Scene\Operation">
      <UniqueIdentifier>{84cdff66-1433-45db-9e64-13d280b174b1}</UniqueIdentifier>
    </Filter>
    <Filter Include="Scene\Tutorial\Tutorial2D">
      <UniqueIdentifier>{d38573a4-d008-4841-8b45-79651d0a485c}</UniqueIdentifier>
    </Filter>
    <Filter Include="Scene\Credit\Credit2D">
      <UniqueIdentifier>{27471d35-a683-420c-a5a0-9f4addc70f52}</UniqueIdentifier>
    </Filter>
    <Filter Include="Scene\Title\TitleTransition">
      <UniqueIdentifier>{2dd5a8f7-9421-4360-815f-933cb633ba7e}</UniqueIdentifier>
    </Filter>
    <Filter Include="Scene\Title\TitleTransition\TitleTransPos">
      <UniqueIdentifier>{f4742acb-56cc-43bb-ab37-9e4b8cd8a7ef}</UniqueIdentifier>
    </Filter>
    <Filter Include="Scene\Operation\KeyOpe">
      <UniqueIdentifier>{16f93d88-7254-4bca-a3ed-0f4b4e1ffca9}</UniqueIdentifier>
    </Filter>
    <Filter Include="Scene\Operation\PadOpe">
      <UniqueIdentifier>{6bbbdd36-c724-4379-938f-c4399c00cc55}</UniqueIdentifier>
    </Filter>
    <Filter Include="GameMaster">
      <UniqueIdentifier>{d16cb65b-0b76-4d40-bf56-b9dcc8ce7a39}</UniqueIdentifier>
    </Filter>
    <Filter Include="Billboard">
      <UniqueIdentifier>{6800e31b-d99c-429b-b8dd-ada477141582}</UniqueIdentifier>
    </Filter>
    <Filter Include="PointSprite">
      <UniqueIdentifier>{edb7be5c-4d96-4e77-a32d-8717ce391e08}</UniqueIdentifier>
    </Filter>
    <Filter Include="Plane">
      <UniqueIdentifier>{0e74e9e2-e817-485b-9e4e-9d38e56981b4}</UniqueIdentifier>
    </Filter>
    <Filter Include="TextureLoader">
      <UniqueIdentifier>{8abfba9a-50b0-4e76-a76a-d54291bc1404}</UniqueIdentifier>
    </Filter>
    <Filter Include="StaticMeshLoader">
      <UniqueIdentifier>{a818e9a9-7ad1-4291-b9ca-52feff8c93ae}</UniqueIdentifier>
    </Filter>
    <Filter Include="SkinMeshLoader">
      <UniqueIdentifier>{227a2aeb-6834-4f6c-b1eb-b0003ed0e189}</UniqueIdentifier>
    </Filter>
    <Filter Include="ShaderLoader">
      <UniqueIdentifier>{49cb0e54-1b30-43bc-944a-283d060b8b09}</UniqueIdentifier>
    </Filter>
    <Filter Include="Object\MemoryPile">
      <UniqueIdentifier>{a0d2f54e-80bf-46fb-94a7-2b3ccfe42487}</UniqueIdentifier>
    </Filter>
    <Filter Include="Object\MemoryLine">
      <UniqueIdentifier>{cd990212-341c-4002-b257-ddbfdb399324}</UniqueIdentifier>
    </Filter>
    <Filter Include="Object\Wage">
      <UniqueIdentifier>{d5c600e5-063e-40c7-9579-a27b7391cad2}</UniqueIdentifier>
    </Filter>
    <Filter Include="Object\LostThing">
      <UniqueIdentifier>{841eed46-062a-4e78-a3ee-e22c2bafa361}</UniqueIdentifier>
    </Filter>
    <Filter Include="Window\DebugWindow">
      <UniqueIdentifier>{667c5df3-6df3-414a-aa95-702711604679}</UniqueIdentifier>
    </Filter>
    <Filter Include="UI\ColonyHitPointUI">
      <UniqueIdentifier>{f14b319f-6d32-475c-bd58-135a774459f9}</UniqueIdentifier>
    </Filter>
    <Filter Include="UI\HitPointUI">
      <UniqueIdentifier>{5565fcff-b6de-40c3-be90-b5702f01d8c4}</UniqueIdentifier>
    </Filter>
    <Filter Include="UI\MissileUI">
      <UniqueIdentifier>{4633f7f2-068d-4adf-8cfb-06bea5d2d826}</UniqueIdentifier>
    </Filter>
    <Filter Include="UI\SkillPointUI">
      <UniqueIdentifier>{ed11d3ab-25ee-4257-97df-5e60c8b9a4dd}</UniqueIdentifier>
    </Filter>
    <Filter Include="UI\WeaponUI">
      <UniqueIdentifier>{28aa5322-3ec3-4de8-bf00-e4a90185d77b}</UniqueIdentifier>
    </Filter>
    <Filter Include="UI\TimerUI">
      <UniqueIdentifier>{c6392830-968a-465e-aca0-52cdd4642e89}</UniqueIdentifier>
    </Filter>
    <Filter Include="UI\ChinginUI">
      <UniqueIdentifier>{da418feb-173d-4b6e-b027-7fe8ddcd8c17}</UniqueIdentifier>
    </Filter>
    <Filter Include="Effect">
      <UniqueIdentifier>{bd1f81cf-5758-406b-aa7c-382a09780ae9}</UniqueIdentifier>
    </Filter>
    <Filter Include="Effect\HpEffect">
      <UniqueIdentifier>{d12c0997-c69e-4487-a846-ed50f9a50e02}</UniqueIdentifier>
    </Filter>
    <Filter Include="Effect\ScreenEffectBase">
      <UniqueIdentifier>{0621b3be-98ca-44d9-a499-42b8633761d1}</UniqueIdentifier>
    </Filter>
  </ItemGroup>
  <ItemGroup>
    <ClCompile Include="Audio.cpp">
      <Filter>Audio</Filter>
    </ClCompile>
    <ClCompile Include="AbstractScene.cpp">
      <Filter>Scene\AbstractScene</Filter>
    </ClCompile>
    <ClCompile Include="Base.cpp">
      <Filter>Base</Filter>
    </ClCompile>
    <ClCompile Include="Camera.cpp">
      <Filter>Camera</Filter>
    </ClCompile>
    <ClCompile Include="Colony.cpp">
      <Filter>Object\Colony</Filter>
    </ClCompile>
    <ClCompile Include="Direct3D9.cpp">
      <Filter>Direct3D9</Filter>
    </ClCompile>
    <ClCompile Include="DirectInputController.cpp">
      <Filter>Input</Filter>
    </ClCompile>
    <ClCompile Include="Director.cpp">
      <Filter>Director</Filter>
    </ClCompile>
    <ClCompile Include="Entry.cpp">
      <Filter>Entry</Filter>
    </ClCompile>
    <ClCompile Include="Game.cpp">
      <Filter>Scene\Game</Filter>
    </ClCompile>
    <ClCompile Include="Input.cpp">
      <Filter>Input</Filter>
    </ClCompile>
    <ClCompile Include="Junk.cpp">
      <Filter>Object\Junk</Filter>
    </ClCompile>
    <ClCompile Include="Light.cpp">
      <Filter>Light</Filter>
    </ClCompile>
    <ClCompile Include="Magnet.cpp">
      <Filter>Object\Magnet</Filter>
    </ClCompile>
    <ClCompile Include="Object.cpp">
      <Filter>Object\ベース</Filter>
    </ClCompile>
    <ClCompile Include="Planet.cpp">
      <Filter>Object\Planet</Filter>
    </ClCompile>
    <ClCompile Include="Player.cpp">
      <Filter>Object\Player</Filter>
    </ClCompile>
    <ClCompile Include="Ray.cpp">
      <Filter>Ray</Filter>
    </ClCompile>
    <ClCompile Include="Result.cpp">
      <Filter>Scene\Result</Filter>
    </ClCompile>
    <ClCompile Include="SelectCharacter.cpp">
      <Filter>Scene\SelectCharacter</Filter>
    </ClCompile>
    <ClCompile Include="Sound.cpp">
      <Filter>Sound</Filter>
    </ClCompile>
    <ClCompile Include="Splash.cpp">
      <Filter>Scene\Splash</Filter>
    </ClCompile>
    <ClCompile Include="Sprite.cpp">
      <Filter>Sprite</Filter>
    </ClCompile>
    <ClCompile Include="Text.cpp">
      <Filter>Text</Filter>
    </ClCompile>
    <ClCompile Include="Title.cpp">
      <Filter>Scene\Title</Filter>
    </ClCompile>
    <ClCompile Include="Window.cpp">
      <Filter>Window</Filter>
    </ClCompile>
    <ClCompile Include="BoundingSphere.cpp">
      <Filter>BoudingSphere</Filter>
    </ClCompile>
    <ClCompile Include="Splash2D.cpp">
      <Filter>Scene\Splash\Splash2D</Filter>
    </ClCompile>
    <ClCompile Include="SelectCharacter2D.cpp">
      <Filter>Scene\SelectCharacter\SelectCharacter2D</Filter>
    </ClCompile>
    <ClCompile Include="Result2D.cpp">
      <Filter>Scene\Result\Result2D</Filter>
    </ClCompile>
    <ClCompile Include="Credit.cpp">
      <Filter>Scene\Credit</Filter>
    </ClCompile>
    <ClCompile Include="Tutorial.cpp">
      <Filter>Scene\Tutorial</Filter>
    </ClCompile>
    <ClCompile Include="Operation.cpp">
      <Filter>Scene\Operation</Filter>
    </ClCompile>
    <ClCompile Include="Tutorial2D.cpp">
      <Filter>Scene\Tutorial\Tutorial2D</Filter>
    </ClCompile>
    <ClCompile Include="Credit2D.cpp">
      <Filter>Scene\Credit\Credit2D</Filter>
    </ClCompile>
    <ClCompile Include="TitleTransition.cpp">
      <Filter>Scene\Title\TitleTransition</Filter>
    </ClCompile>
    <ClCompile Include="TitleTransPos.cpp">
      <Filter>Scene\Title\TitleTransition\TitleTransPos</Filter>
    </ClCompile>
    <ClCompile Include="KeyOpe.cpp">
      <Filter>Scene\Operation\KeyOpe</Filter>
    </ClCompile>
    <ClCompile Include="PadOpe.cpp">
      <Filter>Scene\Operation\PadOpe</Filter>
    </ClCompile>
    <ClCompile Include="Bullet.cpp">
      <Filter>Object\Bullet</Filter>
    </ClCompile>
    <ClCompile Include="GameMaster.cpp">
      <Filter>GameMaster</Filter>
    </ClCompile>
    <ClCompile Include="PointSprite.cpp">
      <Filter>PointSprite</Filter>
    </ClCompile>
    <ClCompile Include="Billboard.cpp">
      <Filter>Billboard</Filter>
    </ClCompile>
    <ClCompile Include="Plane.cpp">
      <Filter>Plane</Filter>
    </ClCompile>
    <ClCompile Include="TextureLoader.cpp">
      <Filter>TextureLoader</Filter>
    </ClCompile>
    <ClCompile Include="StaticMeshLoader.cpp">
      <Filter>StaticMeshLoader</Filter>
    </ClCompile>
    <ClCompile Include="LostThing.cpp">
      <Filter>Object\LostThing</Filter>
    </ClCompile>
    <ClCompile Include="MemoryPile.cpp">
      <Filter>Object\MemoryPile</Filter>
    </ClCompile>
    <ClCompile Include="DebugWindow.cpp">
      <Filter>Window\DebugWindow</Filter>
    </ClCompile>
    <ClCompile Include="ColonyHitPointUI.cpp">
      <Filter>UI\ColonyHitPointUI</Filter>
    </ClCompile>
    <ClCompile Include="HitPointUI.cpp">
      <Filter>UI\HitPointUI</Filter>
    </ClCompile>
    <ClCompile Include="MissileUI.cpp">
      <Filter>UI\MissileUI</Filter>
    </ClCompile>
    <ClCompile Include="SkillPointUI.cpp">
      <Filter>UI\SkillPointUI</Filter>
    </ClCompile>
    <ClCompile Include="WeaponUI.cpp">
      <Filter>UI\WeaponUI</Filter>
    </ClCompile>
    <ClCompile Include="TimerUI.cpp">
      <Filter>UI\TimerUI</Filter>
    </ClCompile>
    <ClCompile Include="ChinginUI.cpp">
      <Filter>UI\ChinginUI</Filter>
    </ClCompile>
    <ClCompile Include="HpEffect.cpp">
      <Filter>Effect\HpEffect</Filter>
    </ClCompile>
    <ClCompile Include="ScreenEffectBase.cpp">
      <Filter>Effect\ScreenEffectBase</Filter>
    </ClCompile>
  </ItemGroup>
  <ItemGroup>
    <ClInclude Include="Audio.h">
      <Filter>Audio</Filter>
    </ClInclude>
    <ClInclude Include="AbstractScene.h">
      <Filter>Scene\AbstractScene</Filter>
    </ClInclude>
    <ClInclude Include="Base.h">
      <Filter>Base</Filter>
    </ClInclude>
    <ClInclude Include="Camera.h">
      <Filter>Camera</Filter>
    </ClInclude>
    <ClInclude Include="Colony.h">
      <Filter>Object\Colony</Filter>
    </ClInclude>
    <ClInclude Include="Direct3D9.h">
      <Filter>Direct3D9</Filter>
    </ClInclude>
    <ClInclude Include="DirectInputController.h">
      <Filter>Input</Filter>
    </ClInclude>
    <ClInclude Include="Director.h">
      <Filter>Director</Filter>
    </ClInclude>
    <ClInclude Include="Game.h">
      <Filter>Scene\Game</Filter>
    </ClInclude>
    <ClInclude Include="Input.h">
      <Filter>Input</Filter>
    </ClInclude>
    <ClInclude Include="Junk.h">
      <Filter>Object\Junk</Filter>
    </ClInclude>
    <ClInclude Include="Light.h">
      <Filter>Light</Filter>
    </ClInclude>
    <ClInclude Include="Magnet.h">
      <Filter>Object\Magnet</Filter>
    </ClInclude>
    <ClInclude Include="Object.h">
      <Filter>Object\ベース</Filter>
    </ClInclude>
    <ClInclude Include="Planet.h">
      <Filter>Object\Planet</Filter>
    </ClInclude>
    <ClInclude Include="Player.h">
      <Filter>Object\Player</Filter>
    </ClInclude>
    <ClInclude Include="Ray.h">
      <Filter>Ray</Filter>
    </ClInclude>
    <ClInclude Include="Result.h">
      <Filter>Scene\Result</Filter>
    </ClInclude>
    <ClInclude Include="SelectCharacter.h">
      <Filter>Scene\SelectCharacter</Filter>
    </ClInclude>
    <ClInclude Include="Sound.h">
      <Filter>Sound</Filter>
    </ClInclude>
    <ClInclude Include="Splash.h">
      <Filter>Scene\Splash</Filter>
    </ClInclude>
    <ClInclude Include="Sprite.h">
      <Filter>Sprite</Filter>
    </ClInclude>
    <ClInclude Include="Text.h">
      <Filter>Text</Filter>
    </ClInclude>
    <ClInclude Include="Title.h">
      <Filter>Scene\Title</Filter>
    </ClInclude>
    <ClInclude Include="VirtualController.h">
      <Filter>Input</Filter>
    </ClInclude>
    <ClInclude Include="Window.h">
      <Filter>Window</Filter>
    </ClInclude>
    <ClInclude Include="BoundingSphere.h">
      <Filter>BoudingSphere</Filter>
    </ClInclude>
    <ClInclude Include="Bullet.h">
      <Filter>Object\Bullet</Filter>
    </ClInclude>
    <ClInclude Include="GameMaster.h">
      <Filter>GameMaster</Filter>
    </ClInclude>
    <ClInclude Include="PointSprite.h">
      <Filter>PointSprite</Filter>
    </ClInclude>
    <ClInclude Include="Billboard.h">
      <Filter>Billboard</Filter>
    </ClInclude>
    <ClInclude Include="Plane.h">
      <Filter>Plane</Filter>
    </ClInclude>
    <ClInclude Include="TextureLoader.h">
      <Filter>TextureLoader</Filter>
    </ClInclude>
    <ClInclude Include="StaticMeshLoader.h">
      <Filter>StaticMeshLoader</Filter>
    </ClInclude>
    <ClInclude Include="LostThing.h">
      <Filter>Object\LostThing</Filter>
    </ClInclude>
    <ClInclude Include="MemoryPile.h">
      <Filter>Object\MemoryPile</Filter>
    </ClInclude>
    <ClInclude Include="DebugWindow.h">
      <Filter>Window\DebugWindow</Filter>
    </ClInclude>
    <ClInclude Include="ColonyHitPointUI.h">
      <Filter>UI\ColonyHitPointUI</Filter>
    </ClInclude>
    <ClInclude Include="HitPointUI.h">
      <Filter>UI\HitPointUI</Filter>
    </ClInclude>
    <ClInclude Include="MissileUI.h">
      <Filter>UI\MissileUI</Filter>
    </ClInclude>
    <ClInclude Include="SkillPointUI.h">
      <Filter>UI\SkillPointUI</Filter>
    </ClInclude>
    <ClInclude Include="WeaponUI.h">
      <Filter>UI\WeaponUI</Filter>
    </ClInclude>
    <ClInclude Include="TimerUI.h">
      <Filter>UI\TimerUI</Filter>
    </ClInclude>
    <ClInclude Include="ChinginUI.h">
      <Filter>UI\ChinginUI</Filter>
    </ClInclude>
    <ClInclude Include="HpEffect.h">
      <Filter>Effect\HpEffect</Filter>
    </ClInclude>
    <ClInclude Include="ScreenEffectBase.h">
      <Filter>Effect\ScreenEffectBase</Filter>
    </ClInclude>
  </ItemGroup>
  <ItemGroup>
    <None Include="02 Visual File\bullet.x">
      <Filter>02 Visual File</Filter>
    </None>
    <None Include="02 Visual File\field001.x">
      <Filter>02 Visual File</Filter>
    </None>
    <None Include="02 Visual File\HierarchyMesh.x">
      <Filter>02 Visual File</Filter>
    </None>
    <None Include="02 Visual File\magnetN.x">
      <Filter>02 Visual File</Filter>
    </None>
    <None Include="02 Visual File\magnetS.x">
      <Filter>02 Visual File</Filter>
    </None>
    <None Include="02 Visual File\planet.x">
      <Filter>02 Visual File</Filter>
    </None>
    <None Include="02 Visual File\RobotB.x">
      <Filter>02 Visual File</Filter>
    </None>
    <None Include="02 Visual File\robotB_still_back.x">
      <Filter>02 Visual File</Filter>
    </None>
    <None Include="02 Visual File\SkinnedMesh.x">
      <Filter>02 Visual File</Filter>
    </None>
    <None Include="02 Visual File\star.x">
      <Filter>02 Visual File</Filter>
    </None>
    <None Include="02 Visual File\StaticMesh.x">
      <Filter>02 Visual File</Filter>
    </None>
    <None Include="02 Visual File\Toon_6Color.x">
      <Filter>02 Visual File</Filter>
    </None>
  </ItemGroup>
  <ItemGroup>
    <Image Include="02 Visual File\ColonyHitPointUI.jpg">
      <Filter>02 Visual File</Filter>
    </Image>
    <Image Include="02 Visual File\GaugeBar.png">
      <Filter>02 Visual File</Filter>
    </Image>
    <Image Include="02 Visual File\GaugeBase.png">
      <Filter>02 Visual File</Filter>
    </Image>
    <Image Include="02 Visual File\GaugeCover.png">
      <Filter>02 Visual File</Filter>
    </Image>
    <Image Include="02 Visual File\MissileUI.jpg">
      <Filter>02 Visual File</Filter>
    </Image>
    <Image Include="02 Visual File\nTex.png">
      <Filter>02 Visual File</Filter>
    </Image>
    <Image Include="02 Visual File\outline.bmp">
      <Filter>02 Visual File</Filter>
    </Image>
    <Image Include="02 Visual File\ragged.bmp">
      <Filter>02 Visual File</Filter>
    </Image>
    <Image Include="02 Visual File\Shade.bmp">
      <Filter>02 Visual File</Filter>
    </Image>
    <Image Include="02 Visual File\sTex.png">
      <Filter>02 Visual File</Filter>
    </Image>
    <Image Include="02 Visual File\UVグリッド.png">
      <Filter>02 Visual File</Filter>
    </Image>
    <Image Include="02 Visual File\WeaponUI.jpg">
      <Filter>02 Visual File</Filter>
    </Image>
    <ClInclude Include="Splash2D.h">
      <Filter>Scene\Splash\Splash2D</Filter>
    </ClInclude>
    <ClInclude Include="SelectCharacter2D.h">
      <Filter>Scene\SelectCharacter\SelectCharacter2D</Filter>
    </ClInclude>
    <ClInclude Include="Result2D.h">
      <Filter>Scene\Result\Result2D</Filter>
    </ClInclude>
    <ClInclude Include="Credit.h">
      <Filter>Scene\Credit</Filter>
    </ClInclude>
    <ClInclude Include="Tutorial.h">
      <Filter>Scene\Tutorial</Filter>
    </ClInclude>
    <ClInclude Include="Operation.h">
      <Filter>Scene\Operation</Filter>
    </ClInclude>
    <ClInclude Include="Tutorial2D.h">
      <Filter>Scene\Tutorial\Tutorial2D</Filter>
    </ClInclude>
    <ClInclude Include="Credit2D.h">
      <Filter>Scene\Credit\Credit2D</Filter>
    </ClInclude>
    <ClInclude Include="TitleTransition.h">
      <Filter>Scene\Title\TitleTransition</Filter>
    </ClInclude>
    <ClInclude Include="TitleTransPos.h">
      <Filter>Scene\Title\TitleTransition\TitleTransPos</Filter>
    </ClInclude>
    <ClInclude Include="KeyOpe.h">
      <Filter>Scene\Operation\KeyOpe</Filter>
    </ClInclude>
    <ClInclude Include="PadOpe.h">
      <Filter>Scene\Operation\PadOpe</Filter>
    </ClInclude>
    <Image Include="..\..\..\..\..\..\OneDrive\デスクトップ\effect2.png">
      <Filter>02 Visual File</Filter>
    </Image>
  </ItemGroup>
</Project>